
Microsoft Visual Studio Solution File, Format Version 12.00
# Visual Studio Version 17
VisualStudioVersion = 17.13.35931.197 d17.13
MinimumVisualStudioVersion = 10.0.40219.1
Project("{FAE04EC0-301F-11D3-BF4B-00C04F79EFBC}") = "PucpConnectPresentacion", "PucpConnectPresentacion\PucpConnectPresentacion.csproj", "{FCCFCF5F-EF5C-4456-9866-3500768F5259}"
EndProject
Global
	GlobalSection(SolutionConfigurationPlatforms) = preSolution
		Debug|Any CPU = Debug|Any CPU
		Release|Any CPU = Release|Any CPU
	EndGlobalSection
	GlobalSection(ProjectConfigurationPlatforms) = postSolution
		{FCCFCF5F-EF5C-4456-9866-3500768F5259}.Debug|Any CPU.ActiveCfg = Debug|Any CPU
		{FCCFCF5F-EF5C-4456-9866-3500768F5259}.Debug|Any CPU.Build.0 = Debug|Any CPU
		{FCCFCF5F-EF5C-4456-9866-3500768F5259}.Release|Any CPU.ActiveCfg = Release|Any CPU
		{FCCFCF5F-EF5C-4456-9866-3500768F5259}.Release|Any CPU.Build.0 = Release|Any CPU
	EndGlobalSection
	GlobalSection(SolutionProperties) = preSolution
		HideSolutionNode = FALSE
	EndGlobalSection
	GlobalSection(ExtensibilityGlobals) = postSolution
		SolutionGuid = {698AE395-30FB-4C34-9570-794376F80F26}
	EndGlobalSection
EndGlobal
